
Microsoft Visual Studio Solution File, Format Version 12.00
Project("{FAE04EC0-301F-11D3-BF4B-00C04F79EFBC}") = "BartenderCalculator", "BartenderCalculator\BartenderCalculator.csproj", "{331E3273-850F-407E-8BD9-4164F359C434}"
EndProject
Project("{FAE04EC0-301F-11D3-BF4B-00C04F79EFBC}") = "Bartender.SqlLite", "Bartender.SqlLite\Bartender.SqlLite.csproj", "{EA32A133-9E4B-4950-A63E-216F0AEE745D}"
EndProject
Project("{FAE04EC0-301F-11D3-BF4B-00C04F79EFBC}") = "BartenderCalculator.Contracts", "BartenderCalculator.Contracts\BartenderCalculator.Contracts.csproj", "{60587002-A88A-4D64-A529-3EED2A20BF5D}"
EndProject
Project("{2150E333-8FDC-42A3-9474-1A3956D46DE8}") = "UnitTests", "UnitTests", "{2929F948-D315-432C-A357-3BF685A0918E}"
EndProject
Project("{FAE04EC0-301F-11D3-BF4B-00C04F79EFBC}") = "BartenderCalculator.Contracts.UnitTests", "BartenderCalculator.Contracts.UnitTests\BartenderCalculator.Contracts.UnitTests.csproj", "{4EFFABF6-3CEB-4B2B-A126-F48EFF92DD9E}"
EndProject
Project("{FAE04EC0-301F-11D3-BF4B-00C04F79EFBC}") = "BartenderCalculator.SqlLite.UnitTests", "BartenderCalculator.SqlLite.UnitTests\BartenderCalculator.SqlLite.UnitTests.csproj", "{FB77B5A8-0CE1-4E6B-86DD-3EB1B087B7C9}"
EndProject
Project("{FAE04EC0-301F-11D3-BF4B-00C04F79EFBC}") = "BartenderCalculator.Logging", "BartenderCalculator.Logging\BartenderCalculator.Logging.csproj", "{C65D1A72-EACD-4CCD-90E0-CC3C9657DC58}"
EndProject
Project("{2150E333-8FDC-42A3-9474-1A3956D46DE8}") = "UiTests", "UiTests", "{4B15FAC3-17D2-483D-9645-958391EA4AA0}"
EndProject
Project("{FAE04EC0-301F-11D3-BF4B-00C04F79EFBC}") = "BartenderCalculator.Appium.Android.UiTests", "BartenderCalculator.Appium.Android.UiTests\BartenderCalculator.Appium.Android.UiTests.csproj", "{44B24738-F9B3-4A5D-A899-C45AFC1A3B20}"
EndProject
Global
	GlobalSection(SolutionConfigurationPlatforms) = preSolution
		Debug|Any CPU = Debug|Any CPU
		Release|Any CPU = Release|Any CPU
	EndGlobalSection
	GlobalSection(ProjectConfigurationPlatforms) = postSolution
		{331E3273-850F-407E-8BD9-4164F359C434}.Debug|Any CPU.ActiveCfg = Debug|Any CPU
		{331E3273-850F-407E-8BD9-4164F359C434}.Debug|Any CPU.Build.0 = Debug|Any CPU
		{331E3273-850F-407E-8BD9-4164F359C434}.Release|Any CPU.ActiveCfg = Release|Any CPU
		{331E3273-850F-407E-8BD9-4164F359C434}.Release|Any CPU.Build.0 = Release|Any CPU
		{EA32A133-9E4B-4950-A63E-216F0AEE745D}.Debug|Any CPU.ActiveCfg = Debug|Any CPU
		{EA32A133-9E4B-4950-A63E-216F0AEE745D}.Debug|Any CPU.Build.0 = Debug|Any CPU
		{EA32A133-9E4B-4950-A63E-216F0AEE745D}.Release|Any CPU.ActiveCfg = Release|Any CPU
		{EA32A133-9E4B-4950-A63E-216F0AEE745D}.Release|Any CPU.Build.0 = Release|Any CPU
		{60587002-A88A-4D64-A529-3EED2A20BF5D}.Debug|Any CPU.ActiveCfg = Debug|Any CPU
		{60587002-A88A-4D64-A529-3EED2A20BF5D}.Debug|Any CPU.Build.0 = Debug|Any CPU
		{60587002-A88A-4D64-A529-3EED2A20BF5D}.Release|Any CPU.ActiveCfg = Release|Any CPU
		{60587002-A88A-4D64-A529-3EED2A20BF5D}.Release|Any CPU.Build.0 = Release|Any CPU
		{4EFFABF6-3CEB-4B2B-A126-F48EFF92DD9E}.Debug|Any CPU.ActiveCfg = Debug|Any CPU
		{4EFFABF6-3CEB-4B2B-A126-F48EFF92DD9E}.Debug|Any CPU.Build.0 = Debug|Any CPU
		{4EFFABF6-3CEB-4B2B-A126-F48EFF92DD9E}.Release|Any CPU.ActiveCfg = Release|Any CPU
		{4EFFABF6-3CEB-4B2B-A126-F48EFF92DD9E}.Release|Any CPU.Build.0 = Release|Any CPU
		{FB77B5A8-0CE1-4E6B-86DD-3EB1B087B7C9}.Debug|Any CPU.ActiveCfg = Debug|Any CPU
		{FB77B5A8-0CE1-4E6B-86DD-3EB1B087B7C9}.Debug|Any CPU.Build.0 = Debug|Any CPU
		{FB77B5A8-0CE1-4E6B-86DD-3EB1B087B7C9}.Release|Any CPU.ActiveCfg = Release|Any CPU
		{FB77B5A8-0CE1-4E6B-86DD-3EB1B087B7C9}.Release|Any CPU.Build.0 = Release|Any CPU
		{C65D1A72-EACD-4CCD-90E0-CC3C9657DC58}.Debug|Any CPU.ActiveCfg = Debug|Any CPU
		{C65D1A72-EACD-4CCD-90E0-CC3C9657DC58}.Debug|Any CPU.Build.0 = Debug|Any CPU
		{C65D1A72-EACD-4CCD-90E0-CC3C9657DC58}.Release|Any CPU.ActiveCfg = Release|Any CPU
		{C65D1A72-EACD-4CCD-90E0-CC3C9657DC58}.Release|Any CPU.Build.0 = Release|Any CPU
		{44B24738-F9B3-4A5D-A899-C45AFC1A3B20}.Debug|Any CPU.ActiveCfg = Debug|Any CPU
		{44B24738-F9B3-4A5D-A899-C45AFC1A3B20}.Debug|Any CPU.Build.0 = Debug|Any CPU
		{44B24738-F9B3-4A5D-A899-C45AFC1A3B20}.Release|Any CPU.ActiveCfg = Release|Any CPU
		{44B24738-F9B3-4A5D-A899-C45AFC1A3B20}.Release|Any CPU.Build.0 = Release|Any CPU
	EndGlobalSection
	GlobalSection(NestedProjects) = preSolution
		{4EFFABF6-3CEB-4B2B-A126-F48EFF92DD9E} = {2929F948-D315-432C-A357-3BF685A0918E}
		{FB77B5A8-0CE1-4E6B-86DD-3EB1B087B7C9} = {2929F948-D315-432C-A357-3BF685A0918E}
		{44B24738-F9B3-4A5D-A899-C45AFC1A3B20} = {4B15FAC3-17D2-483D-9645-958391EA4AA0}
	EndGlobalSection
EndGlobal
